
Microsoft Visual Studio Solution File, Format Version 12.00
# Visual Studio Version 17
VisualStudioVersion = 17.0.31612.314
MinimumVisualStudioVersion = 10.0.40219.1
Project("{FAE04EC0-301F-11D3-BF4B-00C04F79EFBC}") = "ShareForFuture.Auth.Backend", "ShareForFuture.Auth.Backend.csproj", "{2D916045-02C4-4067-AEEB-887D7B65E32B}"
EndProject
Global
	GlobalSection(SolutionConfigurationPlatforms) = preSolution
		Debug|Any CPU = Debug|Any CPU
		Release|Any CPU = Release|Any CPU
	EndGlobalSection
	GlobalSection(ProjectConfigurationPlatforms) = postSolution
		{2D916045-02C4-4067-AEEB-887D7B65E32B}.Debug|Any CPU.ActiveCfg = Debug|Any CPU
		{2D916045-02C4-4067-AEEB-887D7B65E32B}.Debug|Any CPU.Build.0 = Debug|Any CPU
		{2D916045-02C4-4067-AEEB-887D7B65E32B}.Release|Any CPU.ActiveCfg = Release|Any CPU
		{2D916045-02C4-4067-AEEB-887D7B65E32B}.Release|Any CPU.Build.0 = Release|Any CPU
	EndGlobalSection
	GlobalSection(SolutionProperties) = preSolution
		HideSolutionNode = FALSE
	EndGlobalSection
	GlobalSection(ExtensibilityGlobals) = postSolution
		SolutionGuid = {EE4F898B-2FD7-4CF9-80B6-2347A7877586}
	EndGlobalSection
EndGlobal
