
Microsoft Visual Studio Solution File, Format Version 12.00
# Visual Studio Version 17
VisualStudioVersion = 17.1.31903.286
MinimumVisualStudioVersion = 10.0.40219.1
Project("{FAE04EC0-301F-11D3-BF4B-00C04F79EFBC}") = "AgeOfEmpiresTrainer.Api", "AgeOfEmpiresTrainer.Api\AgeOfEmpiresTrainer.Api.csproj", "{87571A47-0614-4C5A-8119-574625F796A1}"
EndProject
Global
	GlobalSection(SolutionConfigurationPlatforms) = preSolution
		Debug|Any CPU = Debug|Any CPU
		Release|Any CPU = Release|Any CPU
	EndGlobalSection
	GlobalSection(ProjectConfigurationPlatforms) = postSolution
		{87571A47-0614-4C5A-8119-574625F796A1}.Debug|Any CPU.ActiveCfg = Debug|Any CPU
		{87571A47-0614-4C5A-8119-574625F796A1}.Debug|Any CPU.Build.0 = Debug|Any CPU
		{87571A47-0614-4C5A-8119-574625F796A1}.Release|Any CPU.ActiveCfg = Release|Any CPU
		{87571A47-0614-4C5A-8119-574625F796A1}.Release|Any CPU.Build.0 = Release|Any CPU
	EndGlobalSection
	GlobalSection(SolutionProperties) = preSolution
		HideSolutionNode = FALSE
	EndGlobalSection
	GlobalSection(ExtensibilityGlobals) = postSolution
		SolutionGuid = {F1E16180-983B-4090-8F30-B049E5F1B74D}
	EndGlobalSection
EndGlobal
