
Microsoft Visual Studio Solution File, Format Version 12.00
# Visual Studio Version 17
VisualStudioVersion = 17.1.31911.260
MinimumVisualStudioVersion = 10.0.40219.1
Project("{FAE04EC0-301F-11D3-BF4B-00C04F79EFBC}") = "MyFirstUnitTests", "MyFirstUnitTests\MyFirstUnitTests.csproj", "{9EC66877-7E67-4CA0-9414-0826486D4E9D}"
EndProject
Project("{FAE04EC0-301F-11D3-BF4B-00C04F79EFBC}") = "GreatMathLibrary", "GreatMathLibrary\GreatMathLibrary.csproj", "{BD42CB8D-9319-4DF8-9551-E62507E1AC70}"
EndProject
Global
	GlobalSection(SolutionConfigurationPlatforms) = preSolution
		Debug|Any CPU = Debug|Any CPU
		Release|Any CPU = Release|Any CPU
	EndGlobalSection
	GlobalSection(ProjectConfigurationPlatforms) = postSolution
		{9EC66877-7E67-4CA0-9414-0826486D4E9D}.Debug|Any CPU.ActiveCfg = Debug|Any CPU
		{9EC66877-7E67-4CA0-9414-0826486D4E9D}.Debug|Any CPU.Build.0 = Debug|Any CPU
		{9EC66877-7E67-4CA0-9414-0826486D4E9D}.Release|Any CPU.ActiveCfg = Release|Any CPU
		{9EC66877-7E67-4CA0-9414-0826486D4E9D}.Release|Any CPU.Build.0 = Release|Any CPU
		{BD42CB8D-9319-4DF8-9551-E62507E1AC70}.Debug|Any CPU.ActiveCfg = Debug|Any CPU
		{BD42CB8D-9319-4DF8-9551-E62507E1AC70}.Debug|Any CPU.Build.0 = Debug|Any CPU
		{BD42CB8D-9319-4DF8-9551-E62507E1AC70}.Release|Any CPU.ActiveCfg = Release|Any CPU
		{BD42CB8D-9319-4DF8-9551-E62507E1AC70}.Release|Any CPU.Build.0 = Release|Any CPU
	EndGlobalSection
	GlobalSection(SolutionProperties) = preSolution
		HideSolutionNode = FALSE
	EndGlobalSection
	GlobalSection(ExtensibilityGlobals) = postSolution
		SolutionGuid = {D090441C-63A4-4C90-A3C4-B73464F01552}
	EndGlobalSection
EndGlobal
