
Microsoft Visual Studio Solution File, Format Version 12.00
# Visual Studio Version 17
VisualStudioVersion = 17.2.32210.308
MinimumVisualStudioVersion = 10.0.40219.1
Project("{9A19103F-16F7-4668-BE54-9A1E7A4F7556}") = "Mathler.Solver", "Mathler.Solver\Mathler.Solver.csproj", "{4799FB98-E247-4102-969B-86E7CCAA562F}"
EndProject
Project("{9A19103F-16F7-4668-BE54-9A1E7A4F7556}") = "Mathler.Solver.Tests", "Mathler.Solver.Tests\Mathler.Solver.Tests.csproj", "{90482A53-4C2F-4A9D-91A4-CCD430D9F807}"
EndProject
Project("{9A19103F-16F7-4668-BE54-9A1E7A4F7556}") = "Mathler.WpfUI", "Mathler.WpfUI\Mathler.WpfUI.csproj", "{081F5D57-BCB6-4B47-91B9-3E89CD008EAA}"
EndProject
Project("{9A19103F-16F7-4668-BE54-9A1E7A4F7556}") = "Mathler.WpfUI.Tests", "Mathler.WpfUI.Tests\Mathler.WpfUI.Tests.csproj", "{DF3B9DBD-00BC-40C2-B8BD-13302B09C0DA}"
EndProject
Project("{FAE04EC0-301F-11D3-BF4B-00C04F79EFBC}") = "Mathler.Solver.WebApi", "Mathler.Solver.WebApi\Mathler.Solver.WebApi.csproj", "{55FCFD97-4BA7-4EA9-BC69-AEC77CF44C5D}"
EndProject
Global
	GlobalSection(SolutionConfigurationPlatforms) = preSolution
		Debug|Any CPU = Debug|Any CPU
		Release|Any CPU = Release|Any CPU
	EndGlobalSection
	GlobalSection(ProjectConfigurationPlatforms) = postSolution
		{4799FB98-E247-4102-969B-86E7CCAA562F}.Debug|Any CPU.ActiveCfg = Debug|Any CPU
		{4799FB98-E247-4102-969B-86E7CCAA562F}.Debug|Any CPU.Build.0 = Debug|Any CPU
		{4799FB98-E247-4102-969B-86E7CCAA562F}.Release|Any CPU.ActiveCfg = Release|Any CPU
		{4799FB98-E247-4102-969B-86E7CCAA562F}.Release|Any CPU.Build.0 = Release|Any CPU
		{90482A53-4C2F-4A9D-91A4-CCD430D9F807}.Debug|Any CPU.ActiveCfg = Debug|Any CPU
		{90482A53-4C2F-4A9D-91A4-CCD430D9F807}.Debug|Any CPU.Build.0 = Debug|Any CPU
		{90482A53-4C2F-4A9D-91A4-CCD430D9F807}.Release|Any CPU.ActiveCfg = Release|Any CPU
		{90482A53-4C2F-4A9D-91A4-CCD430D9F807}.Release|Any CPU.Build.0 = Release|Any CPU
		{081F5D57-BCB6-4B47-91B9-3E89CD008EAA}.Debug|Any CPU.ActiveCfg = Debug|Any CPU
		{081F5D57-BCB6-4B47-91B9-3E89CD008EAA}.Debug|Any CPU.Build.0 = Debug|Any CPU
		{081F5D57-BCB6-4B47-91B9-3E89CD008EAA}.Release|Any CPU.ActiveCfg = Release|Any CPU
		{081F5D57-BCB6-4B47-91B9-3E89CD008EAA}.Release|Any CPU.Build.0 = Release|Any CPU
		{DF3B9DBD-00BC-40C2-B8BD-13302B09C0DA}.Debug|Any CPU.ActiveCfg = Debug|Any CPU
		{DF3B9DBD-00BC-40C2-B8BD-13302B09C0DA}.Debug|Any CPU.Build.0 = Debug|Any CPU
		{DF3B9DBD-00BC-40C2-B8BD-13302B09C0DA}.Release|Any CPU.ActiveCfg = Release|Any CPU
		{DF3B9DBD-00BC-40C2-B8BD-13302B09C0DA}.Release|Any CPU.Build.0 = Release|Any CPU
		{55FCFD97-4BA7-4EA9-BC69-AEC77CF44C5D}.Debug|Any CPU.ActiveCfg = Debug|Any CPU
		{55FCFD97-4BA7-4EA9-BC69-AEC77CF44C5D}.Debug|Any CPU.Build.0 = Debug|Any CPU
		{55FCFD97-4BA7-4EA9-BC69-AEC77CF44C5D}.Release|Any CPU.ActiveCfg = Release|Any CPU
		{55FCFD97-4BA7-4EA9-BC69-AEC77CF44C5D}.Release|Any CPU.Build.0 = Release|Any CPU
	EndGlobalSection
	GlobalSection(SolutionProperties) = preSolution
		HideSolutionNode = FALSE
	EndGlobalSection
	GlobalSection(ExtensibilityGlobals) = postSolution
		SolutionGuid = {159572BD-E5A4-418C-9CE5-1CF6D7A33905}
	EndGlobalSection
EndGlobal
